
Microsoft Visual Studio Solution File, Format Version 11.00
# Visual Studio 2010
Project("{FAE04EC0-301F-11D3-BF4B-00C04F79EFBC}") = "SitemapGenerator", "SitemapGenerator\SitemapGenerator.csproj", "{BDD13E5E-1D0E-47B9-8AB1-1F6427242740}"
EndProject
Project("{2150E333-8FDC-42A3-9474-1A3956D46DE8}") = "Tests", "Tests", "{977B6D55-7DA2-4387-83FD-2A51375E5B4F}"
EndProject
Project("{FAE04EC0-301F-11D3-BF4B-00C04F79EFBC}") = "SitemapGenerator.Tests", "SitemapGenerator.Tests\SitemapGenerator.Tests.csproj", "{A922E85A-3738-4C97-813F-7AEB178649FD}"
EndProject
Project("{2150E333-8FDC-42A3-9474-1A3956D46DE8}") = "Solution Items", "Solution Items", "{BB3347A6-412B-4EDC-A7D9-618A1FD790A6}"
	ProjectSection(SolutionItems) = preProject
		Local.testsettings = Local.testsettings
		SitemapGenerator.vsmdi = SitemapGenerator.vsmdi
		TraceAndTestImpact.testsettings = TraceAndTestImpact.testsettings
	EndProjectSection
EndProject
Project("{2150E333-8FDC-42A3-9474-1A3956D46DE8}") = ".nuget", ".nuget", "{95337623-7A1E-467B-98F9-80581C3FA1F9}"
	ProjectSection(SolutionItems) = preProject
		.nuget\NuGet.Config = .nuget\NuGet.Config
		.nuget\NuGet.exe = .nuget\NuGet.exe
		.nuget\NuGet.targets = .nuget\NuGet.targets
	EndProjectSection
EndProject
Global
	GlobalSection(TestCaseManagementSettings) = postSolution
		CategoryFile = SitemapGenerator.vsmdi
	EndGlobalSection
	GlobalSection(SolutionConfigurationPlatforms) = preSolution
		Debug|Any CPU = Debug|Any CPU
		Release|Any CPU = Release|Any CPU
	EndGlobalSection
	GlobalSection(ProjectConfigurationPlatforms) = postSolution
		{BDD13E5E-1D0E-47B9-8AB1-1F6427242740}.Debug|Any CPU.ActiveCfg = Debug|Any CPU
		{BDD13E5E-1D0E-47B9-8AB1-1F6427242740}.Debug|Any CPU.Build.0 = Debug|Any CPU
		{BDD13E5E-1D0E-47B9-8AB1-1F6427242740}.Release|Any CPU.ActiveCfg = Release|Any CPU
		{BDD13E5E-1D0E-47B9-8AB1-1F6427242740}.Release|Any CPU.Build.0 = Release|Any CPU
		{A922E85A-3738-4C97-813F-7AEB178649FD}.Debug|Any CPU.ActiveCfg = Debug|Any CPU
		{A922E85A-3738-4C97-813F-7AEB178649FD}.Debug|Any CPU.Build.0 = Debug|Any CPU
		{A922E85A-3738-4C97-813F-7AEB178649FD}.Release|Any CPU.ActiveCfg = Release|Any CPU
		{A922E85A-3738-4C97-813F-7AEB178649FD}.Release|Any CPU.Build.0 = Release|Any CPU
	EndGlobalSection
	GlobalSection(SolutionProperties) = preSolution
		HideSolutionNode = FALSE
	EndGlobalSection
	GlobalSection(NestedProjects) = preSolution
		{A922E85A-3738-4C97-813F-7AEB178649FD} = {977B6D55-7DA2-4387-83FD-2A51375E5B4F}
	EndGlobalSection
EndGlobal
